
Microsoft Visual Studio Solution File, Format Version 12.00
# Visual Studio Version 16
VisualStudioVersion = 16.0.31129.286
MinimumVisualStudioVersion = 10.0.40219.1
Project("{FAE04EC0-301F-11D3-BF4B-00C04F79EFBC}") = "ListSample001", "ListSample001\ListSample001.csproj", "{42129620-7F19-42B5-B4E7-FB25C0B6A6BD}"
EndProject
Project("{FAE04EC0-301F-11D3-BF4B-00C04F79EFBC}") = "ListSample002", "ListSample002\ListSample002.csproj", "{CC9741F6-B5CB-4A13-B043-BF03C908B5CD}"
EndProject
Project("{FAE04EC0-301F-11D3-BF4B-00C04F79EFBC}") = "ListSample003", "ListSample003\ListSample003.csproj", "{622ADA4A-DAEA-43B9-82EC-4673EF9C9DF9}"
EndProject
Project("{FAE04EC0-301F-11D3-BF4B-00C04F79EFBC}") = "ListSample005", "ListSample005\ListSample005.csproj", "{EF48E2C4-38B8-472F-A6F8-BDF75F73240D}"
EndProject
Project("{FAE04EC0-301F-11D3-BF4B-00C04F79EFBC}") = "ListSample006", "ListSample006\ListSample006.csproj", "{10EE6B68-5927-4453-9462-B29C7CE5BA3A}"
EndProject
Global
	GlobalSection(SolutionConfigurationPlatforms) = preSolution
		Debug|Any CPU = Debug|Any CPU
		Release|Any CPU = Release|Any CPU
	EndGlobalSection
	GlobalSection(ProjectConfigurationPlatforms) = postSolution
		{42129620-7F19-42B5-B4E7-FB25C0B6A6BD}.Debug|Any CPU.ActiveCfg = Debug|Any CPU
		{42129620-7F19-42B5-B4E7-FB25C0B6A6BD}.Debug|Any CPU.Build.0 = Debug|Any CPU
		{42129620-7F19-42B5-B4E7-FB25C0B6A6BD}.Release|Any CPU.ActiveCfg = Release|Any CPU
		{42129620-7F19-42B5-B4E7-FB25C0B6A6BD}.Release|Any CPU.Build.0 = Release|Any CPU
		{CC9741F6-B5CB-4A13-B043-BF03C908B5CD}.Debug|Any CPU.ActiveCfg = Debug|Any CPU
		{CC9741F6-B5CB-4A13-B043-BF03C908B5CD}.Debug|Any CPU.Build.0 = Debug|Any CPU
		{CC9741F6-B5CB-4A13-B043-BF03C908B5CD}.Release|Any CPU.ActiveCfg = Release|Any CPU
		{CC9741F6-B5CB-4A13-B043-BF03C908B5CD}.Release|Any CPU.Build.0 = Release|Any CPU
		{622ADA4A-DAEA-43B9-82EC-4673EF9C9DF9}.Debug|Any CPU.ActiveCfg = Debug|Any CPU
		{622ADA4A-DAEA-43B9-82EC-4673EF9C9DF9}.Debug|Any CPU.Build.0 = Debug|Any CPU
		{622ADA4A-DAEA-43B9-82EC-4673EF9C9DF9}.Release|Any CPU.ActiveCfg = Release|Any CPU
		{622ADA4A-DAEA-43B9-82EC-4673EF9C9DF9}.Release|Any CPU.Build.0 = Release|Any CPU
		{EF48E2C4-38B8-472F-A6F8-BDF75F73240D}.Debug|Any CPU.ActiveCfg = Debug|Any CPU
		{EF48E2C4-38B8-472F-A6F8-BDF75F73240D}.Debug|Any CPU.Build.0 = Debug|Any CPU
		{EF48E2C4-38B8-472F-A6F8-BDF75F73240D}.Release|Any CPU.ActiveCfg = Release|Any CPU
		{EF48E2C4-38B8-472F-A6F8-BDF75F73240D}.Release|Any CPU.Build.0 = Release|Any CPU
		{10EE6B68-5927-4453-9462-B29C7CE5BA3A}.Debug|Any CPU.ActiveCfg = Debug|Any CPU
		{10EE6B68-5927-4453-9462-B29C7CE5BA3A}.Debug|Any CPU.Build.0 = Debug|Any CPU
		{10EE6B68-5927-4453-9462-B29C7CE5BA3A}.Release|Any CPU.ActiveCfg = Release|Any CPU
		{10EE6B68-5927-4453-9462-B29C7CE5BA3A}.Release|Any CPU.Build.0 = Release|Any CPU
	EndGlobalSection
	GlobalSection(SolutionProperties) = preSolution
		HideSolutionNode = FALSE
	EndGlobalSection
	GlobalSection(ExtensibilityGlobals) = postSolution
		SolutionGuid = {BE897F77-C506-47FA-835F-1FB726CC332D}
	EndGlobalSection
EndGlobal
