
Microsoft Visual Studio Solution File, Format Version 12.00
# Visual Studio Version 16
VisualStudioVersion = 16.0.31129.286
MinimumVisualStudioVersion = 10.0.40219.1
Project("{FAE04EC0-301F-11D3-BF4B-00C04F79EFBC}") = "DictionarySample001", "DictionarySample001\DictionarySample001.csproj", "{0992321C-EC65-4E68-88C8-847629CF0715}"
EndProject
Global
	GlobalSection(SolutionConfigurationPlatforms) = preSolution
		Debug|Any CPU = Debug|Any CPU
		Release|Any CPU = Release|Any CPU
	EndGlobalSection
	GlobalSection(ProjectConfigurationPlatforms) = postSolution
		{0992321C-EC65-4E68-88C8-847629CF0715}.Debug|Any CPU.ActiveCfg = Debug|Any CPU
		{0992321C-EC65-4E68-88C8-847629CF0715}.Debug|Any CPU.Build.0 = Debug|Any CPU
		{0992321C-EC65-4E68-88C8-847629CF0715}.Release|Any CPU.ActiveCfg = Release|Any CPU
		{0992321C-EC65-4E68-88C8-847629CF0715}.Release|Any CPU.Build.0 = Release|Any CPU
	EndGlobalSection
	GlobalSection(SolutionProperties) = preSolution
		HideSolutionNode = FALSE
	EndGlobalSection
	GlobalSection(ExtensibilityGlobals) = postSolution
		SolutionGuid = {9FA277A3-89A5-4118-BAD6-EB9C86CEB286}
	EndGlobalSection
EndGlobal
