
Microsoft Visual Studio Solution File, Format Version 12.00
# Visual Studio Version 16
VisualStudioVersion = 16.0.31025.194
MinimumVisualStudioVersion = 10.0.40219.1
Project("{FAE04EC0-301F-11D3-BF4B-00C04F79EFBC}") = "AddSample", "AddSample\AddSample.csproj", "{3D3B3840-30CE-46C6-AE04-E527264F5585}"
EndProject
Global
	GlobalSection(SolutionConfigurationPlatforms) = preSolution
		Debug|Any CPU = Debug|Any CPU
		Release|Any CPU = Release|Any CPU
	EndGlobalSection
	GlobalSection(ProjectConfigurationPlatforms) = postSolution
		{3D3B3840-30CE-46C6-AE04-E527264F5585}.Debug|Any CPU.ActiveCfg = Debug|Any CPU
		{3D3B3840-30CE-46C6-AE04-E527264F5585}.Debug|Any CPU.Build.0 = Debug|Any CPU
		{3D3B3840-30CE-46C6-AE04-E527264F5585}.Release|Any CPU.ActiveCfg = Release|Any CPU
		{3D3B3840-30CE-46C6-AE04-E527264F5585}.Release|Any CPU.Build.0 = Release|Any CPU
	EndGlobalSection
	GlobalSection(SolutionProperties) = preSolution
		HideSolutionNode = FALSE
	EndGlobalSection
	GlobalSection(ExtensibilityGlobals) = postSolution
		SolutionGuid = {171EEDF8-458C-4355-9178-F5D01F5AAFCE}
	EndGlobalSection
EndGlobal
