
Microsoft Visual Studio Solution File, Format Version 12.00
# Visual Studio Version 16
VisualStudioVersion = 16.0.31205.134
MinimumVisualStudioVersion = 10.0.40219.1
Project("{FAE04EC0-301F-11D3-BF4B-00C04F79EFBC}") = "EventSample001", "EventSample001\EventSample001.csproj", "{DD6E338A-3086-478F-820E-415920BFE72E}"
EndProject
Global
	GlobalSection(SolutionConfigurationPlatforms) = preSolution
		Debug|Any CPU = Debug|Any CPU
		Release|Any CPU = Release|Any CPU
	EndGlobalSection
	GlobalSection(ProjectConfigurationPlatforms) = postSolution
		{DD6E338A-3086-478F-820E-415920BFE72E}.Debug|Any CPU.ActiveCfg = Debug|Any CPU
		{DD6E338A-3086-478F-820E-415920BFE72E}.Debug|Any CPU.Build.0 = Debug|Any CPU
		{DD6E338A-3086-478F-820E-415920BFE72E}.Release|Any CPU.ActiveCfg = Release|Any CPU
		{DD6E338A-3086-478F-820E-415920BFE72E}.Release|Any CPU.Build.0 = Release|Any CPU
	EndGlobalSection
	GlobalSection(SolutionProperties) = preSolution
		HideSolutionNode = FALSE
	EndGlobalSection
	GlobalSection(ExtensibilityGlobals) = postSolution
		SolutionGuid = {C3D05745-6DF7-4CF2-9701-318E436D90B1}
	EndGlobalSection
EndGlobal
