
Microsoft Visual Studio Solution File, Format Version 12.00
# Visual Studio Version 16
VisualStudioVersion = 16.0.31129.286
MinimumVisualStudioVersion = 10.0.40219.1
Project("{FAE04EC0-301F-11D3-BF4B-00C04F79EFBC}") = "WinFormSolution", "WinFormSolution\WinFormSolution.csproj", "{256646F0-9F13-4ADE-BE57-55D2D973D548}"
EndProject
Global
	GlobalSection(SolutionConfigurationPlatforms) = preSolution
		Debug|Any CPU = Debug|Any CPU
		Release|Any CPU = Release|Any CPU
	EndGlobalSection
	GlobalSection(ProjectConfigurationPlatforms) = postSolution
		{256646F0-9F13-4ADE-BE57-55D2D973D548}.Debug|Any CPU.ActiveCfg = Debug|Any CPU
		{256646F0-9F13-4ADE-BE57-55D2D973D548}.Debug|Any CPU.Build.0 = Debug|Any CPU
		{256646F0-9F13-4ADE-BE57-55D2D973D548}.Release|Any CPU.ActiveCfg = Release|Any CPU
		{256646F0-9F13-4ADE-BE57-55D2D973D548}.Release|Any CPU.Build.0 = Release|Any CPU
	EndGlobalSection
	GlobalSection(SolutionProperties) = preSolution
		HideSolutionNode = FALSE
	EndGlobalSection
	GlobalSection(ExtensibilityGlobals) = postSolution
		SolutionGuid = {A4A868AC-B6FD-43F2-ADCA-F350C6D48661}
	EndGlobalSection
EndGlobal
