
Microsoft Visual Studio Solution File, Format Version 12.00
# Visual Studio Version 16
VisualStudioVersion = 16.0.31129.286
MinimumVisualStudioVersion = 10.0.40219.1
Project("{FAE04EC0-301F-11D3-BF4B-00C04F79EFBC}") = "H01_01", "H1_01\H01_01.csproj", "{15461578-F9E6-405B-9D80-74BF1C51AB6D}"
EndProject
Project("{FAE04EC0-301F-11D3-BF4B-00C04F79EFBC}") = "H01_02", "H1_02\H01_02.csproj", "{6A2D8ED7-9F82-420A-9226-AFD1926FBC97}"
EndProject
Project("{FAE04EC0-301F-11D3-BF4B-00C04F79EFBC}") = "H01_03", "H1_03\H01_03.csproj", "{F3A8F481-703E-4D85-996A-E070D32B877D}"
EndProject
Project("{FAE04EC0-301F-11D3-BF4B-00C04F79EFBC}") = "H01_04", "H1_04\H01_04.csproj", "{11A0BCF2-0338-467A-8E3C-699C21354033}"
EndProject
Project("{FAE04EC0-301F-11D3-BF4B-00C04F79EFBC}") = "H01_05", "H1_05\H01_05.csproj", "{EE3B766D-B0CC-44AA-AEAB-A199AD1AE1D4}"
EndProject
Project("{FAE04EC0-301F-11D3-BF4B-00C04F79EFBC}") = "H01_06_07_08", "H1_06\H01_06_07_08.csproj", "{02C45952-A738-4BB5-A048-F51D6A455B91}"
EndProject
Project("{FAE04EC0-301F-11D3-BF4B-00C04F79EFBC}") = "H01_FarmerShip", "H1_FarmerShip\H01_FarmerShip.csproj", "{C4A719D1-87D8-4B03-9B88-6CA6D97CE003}"
EndProject
Project("{FAE04EC0-301F-11D3-BF4B-00C04F79EFBC}") = "H02_01", "H2_01\H02_01.csproj", "{CBEC88E7-3764-4C1C-A452-88D674687604}"
EndProject
Project("{FAE04EC0-301F-11D3-BF4B-00C04F79EFBC}") = "H02_02", "H2_02\H02_02.csproj", "{A9ABD373-09F0-41B5-98F8-96B505AC6C36}"
EndProject
Project("{FAE04EC0-301F-11D3-BF4B-00C04F79EFBC}") = "H02_03Odd", "H2_03Odd\H02_03Odd.csproj", "{1025CC72-B334-4CE2-BD2D-E169F5DD29E9}"
EndProject
Project("{FAE04EC0-301F-11D3-BF4B-00C04F79EFBC}") = "H3_02_Food", "H3_02_Food\H3_02_Food.csproj", "{7387E7FA-0C63-4E2D-A0F7-36463D16AB03}"
EndProject
Project("{FAE04EC0-301F-11D3-BF4B-00C04F79EFBC}") = "H3_01_Fe", "H3_01_Fe\H3_01_Fe.csproj", "{DE3832D7-3360-4035-8BD4-E8727CF5FCB2}"
EndProject
Project("{FAE04EC0-301F-11D3-BF4B-00C04F79EFBC}") = "H3_03_Parking", "H3_03_Parking\H3_03_Parking.csproj", "{46DFC629-C31D-443F-BA6D-65F04BF438FF}"
EndProject
Project("{FAE04EC0-301F-11D3-BF4B-00C04F79EFBC}") = "H3_04_Translation", "H3_04_Translation\H3_04_Translation.csproj", "{2F7C1111-E0F0-44B2-BFD4-B353DF22F70F}"
EndProject
Project("{FAE04EC0-301F-11D3-BF4B-00C04F79EFBC}") = "H3_05_TrainTicket", "H3_05_TrainTicket\H3_05_TrainTicket.csproj", "{A99812EE-8929-495C-AA7C-3ED4C6CC677B}"
EndProject
Project("{FAE04EC0-301F-11D3-BF4B-00C04F79EFBC}") = "H3_06_Calculate", "H3_06_Calculate\H3_06_Calculate.csproj", "{D7DD3A88-2077-4A1C-9664-E940151253FF}"
EndProject
Project("{FAE04EC0-301F-11D3-BF4B-00C04F79EFBC}") = "H20210420", "H20210420\H20210420.csproj", "{29660791-AB0C-40B4-A4C6-D81B6B4961C5}"
EndProject
Global
	GlobalSection(SolutionConfigurationPlatforms) = preSolution
		Debug|Any CPU = Debug|Any CPU
		Release|Any CPU = Release|Any CPU
	EndGlobalSection
	GlobalSection(ProjectConfigurationPlatforms) = postSolution
		{15461578-F9E6-405B-9D80-74BF1C51AB6D}.Debug|Any CPU.ActiveCfg = Debug|Any CPU
		{15461578-F9E6-405B-9D80-74BF1C51AB6D}.Debug|Any CPU.Build.0 = Debug|Any CPU
		{15461578-F9E6-405B-9D80-74BF1C51AB6D}.Release|Any CPU.ActiveCfg = Release|Any CPU
		{15461578-F9E6-405B-9D80-74BF1C51AB6D}.Release|Any CPU.Build.0 = Release|Any CPU
		{6A2D8ED7-9F82-420A-9226-AFD1926FBC97}.Debug|Any CPU.ActiveCfg = Debug|Any CPU
		{6A2D8ED7-9F82-420A-9226-AFD1926FBC97}.Debug|Any CPU.Build.0 = Debug|Any CPU
		{6A2D8ED7-9F82-420A-9226-AFD1926FBC97}.Release|Any CPU.ActiveCfg = Release|Any CPU
		{6A2D8ED7-9F82-420A-9226-AFD1926FBC97}.Release|Any CPU.Build.0 = Release|Any CPU
		{F3A8F481-703E-4D85-996A-E070D32B877D}.Debug|Any CPU.ActiveCfg = Debug|Any CPU
		{F3A8F481-703E-4D85-996A-E070D32B877D}.Debug|Any CPU.Build.0 = Debug|Any CPU
		{F3A8F481-703E-4D85-996A-E070D32B877D}.Release|Any CPU.ActiveCfg = Release|Any CPU
		{F3A8F481-703E-4D85-996A-E070D32B877D}.Release|Any CPU.Build.0 = Release|Any CPU
		{11A0BCF2-0338-467A-8E3C-699C21354033}.Debug|Any CPU.ActiveCfg = Debug|Any CPU
		{11A0BCF2-0338-467A-8E3C-699C21354033}.Debug|Any CPU.Build.0 = Debug|Any CPU
		{11A0BCF2-0338-467A-8E3C-699C21354033}.Release|Any CPU.ActiveCfg = Release|Any CPU
		{11A0BCF2-0338-467A-8E3C-699C21354033}.Release|Any CPU.Build.0 = Release|Any CPU
		{EE3B766D-B0CC-44AA-AEAB-A199AD1AE1D4}.Debug|Any CPU.ActiveCfg = Debug|Any CPU
		{EE3B766D-B0CC-44AA-AEAB-A199AD1AE1D4}.Debug|Any CPU.Build.0 = Debug|Any CPU
		{EE3B766D-B0CC-44AA-AEAB-A199AD1AE1D4}.Release|Any CPU.ActiveCfg = Release|Any CPU
		{EE3B766D-B0CC-44AA-AEAB-A199AD1AE1D4}.Release|Any CPU.Build.0 = Release|Any CPU
		{02C45952-A738-4BB5-A048-F51D6A455B91}.Debug|Any CPU.ActiveCfg = Debug|Any CPU
		{02C45952-A738-4BB5-A048-F51D6A455B91}.Debug|Any CPU.Build.0 = Debug|Any CPU
		{02C45952-A738-4BB5-A048-F51D6A455B91}.Release|Any CPU.ActiveCfg = Release|Any CPU
		{02C45952-A738-4BB5-A048-F51D6A455B91}.Release|Any CPU.Build.0 = Release|Any CPU
		{C4A719D1-87D8-4B03-9B88-6CA6D97CE003}.Debug|Any CPU.ActiveCfg = Debug|Any CPU
		{C4A719D1-87D8-4B03-9B88-6CA6D97CE003}.Debug|Any CPU.Build.0 = Debug|Any CPU
		{C4A719D1-87D8-4B03-9B88-6CA6D97CE003}.Release|Any CPU.ActiveCfg = Release|Any CPU
		{C4A719D1-87D8-4B03-9B88-6CA6D97CE003}.Release|Any CPU.Build.0 = Release|Any CPU
		{CBEC88E7-3764-4C1C-A452-88D674687604}.Debug|Any CPU.ActiveCfg = Debug|Any CPU
		{CBEC88E7-3764-4C1C-A452-88D674687604}.Debug|Any CPU.Build.0 = Debug|Any CPU
		{CBEC88E7-3764-4C1C-A452-88D674687604}.Release|Any CPU.ActiveCfg = Release|Any CPU
		{CBEC88E7-3764-4C1C-A452-88D674687604}.Release|Any CPU.Build.0 = Release|Any CPU
		{A9ABD373-09F0-41B5-98F8-96B505AC6C36}.Debug|Any CPU.ActiveCfg = Debug|Any CPU
		{A9ABD373-09F0-41B5-98F8-96B505AC6C36}.Debug|Any CPU.Build.0 = Debug|Any CPU
		{A9ABD373-09F0-41B5-98F8-96B505AC6C36}.Release|Any CPU.ActiveCfg = Release|Any CPU
		{A9ABD373-09F0-41B5-98F8-96B505AC6C36}.Release|Any CPU.Build.0 = Release|Any CPU
		{1025CC72-B334-4CE2-BD2D-E169F5DD29E9}.Debug|Any CPU.ActiveCfg = Debug|Any CPU
		{1025CC72-B334-4CE2-BD2D-E169F5DD29E9}.Debug|Any CPU.Build.0 = Debug|Any CPU
		{1025CC72-B334-4CE2-BD2D-E169F5DD29E9}.Release|Any CPU.ActiveCfg = Release|Any CPU
		{1025CC72-B334-4CE2-BD2D-E169F5DD29E9}.Release|Any CPU.Build.0 = Release|Any CPU
		{7387E7FA-0C63-4E2D-A0F7-36463D16AB03}.Debug|Any CPU.ActiveCfg = Debug|Any CPU
		{7387E7FA-0C63-4E2D-A0F7-36463D16AB03}.Debug|Any CPU.Build.0 = Debug|Any CPU
		{7387E7FA-0C63-4E2D-A0F7-36463D16AB03}.Release|Any CPU.ActiveCfg = Release|Any CPU
		{7387E7FA-0C63-4E2D-A0F7-36463D16AB03}.Release|Any CPU.Build.0 = Release|Any CPU
		{DE3832D7-3360-4035-8BD4-E8727CF5FCB2}.Debug|Any CPU.ActiveCfg = Debug|Any CPU
		{DE3832D7-3360-4035-8BD4-E8727CF5FCB2}.Debug|Any CPU.Build.0 = Debug|Any CPU
		{DE3832D7-3360-4035-8BD4-E8727CF5FCB2}.Release|Any CPU.ActiveCfg = Release|Any CPU
		{DE3832D7-3360-4035-8BD4-E8727CF5FCB2}.Release|Any CPU.Build.0 = Release|Any CPU
		{46DFC629-C31D-443F-BA6D-65F04BF438FF}.Debug|Any CPU.ActiveCfg = Debug|Any CPU
		{46DFC629-C31D-443F-BA6D-65F04BF438FF}.Debug|Any CPU.Build.0 = Debug|Any CPU
		{46DFC629-C31D-443F-BA6D-65F04BF438FF}.Release|Any CPU.ActiveCfg = Release|Any CPU
		{46DFC629-C31D-443F-BA6D-65F04BF438FF}.Release|Any CPU.Build.0 = Release|Any CPU
		{2F7C1111-E0F0-44B2-BFD4-B353DF22F70F}.Debug|Any CPU.ActiveCfg = Debug|Any CPU
		{2F7C1111-E0F0-44B2-BFD4-B353DF22F70F}.Debug|Any CPU.Build.0 = Debug|Any CPU
		{2F7C1111-E0F0-44B2-BFD4-B353DF22F70F}.Release|Any CPU.ActiveCfg = Release|Any CPU
		{2F7C1111-E0F0-44B2-BFD4-B353DF22F70F}.Release|Any CPU.Build.0 = Release|Any CPU
		{A99812EE-8929-495C-AA7C-3ED4C6CC677B}.Debug|Any CPU.ActiveCfg = Debug|Any CPU
		{A99812EE-8929-495C-AA7C-3ED4C6CC677B}.Debug|Any CPU.Build.0 = Debug|Any CPU
		{A99812EE-8929-495C-AA7C-3ED4C6CC677B}.Release|Any CPU.ActiveCfg = Release|Any CPU
		{A99812EE-8929-495C-AA7C-3ED4C6CC677B}.Release|Any CPU.Build.0 = Release|Any CPU
		{D7DD3A88-2077-4A1C-9664-E940151253FF}.Debug|Any CPU.ActiveCfg = Debug|Any CPU
		{D7DD3A88-2077-4A1C-9664-E940151253FF}.Debug|Any CPU.Build.0 = Debug|Any CPU
		{D7DD3A88-2077-4A1C-9664-E940151253FF}.Release|Any CPU.ActiveCfg = Release|Any CPU
		{D7DD3A88-2077-4A1C-9664-E940151253FF}.Release|Any CPU.Build.0 = Release|Any CPU
		{29660791-AB0C-40B4-A4C6-D81B6B4961C5}.Debug|Any CPU.ActiveCfg = Debug|Any CPU
		{29660791-AB0C-40B4-A4C6-D81B6B4961C5}.Debug|Any CPU.Build.0 = Debug|Any CPU
		{29660791-AB0C-40B4-A4C6-D81B6B4961C5}.Release|Any CPU.ActiveCfg = Release|Any CPU
		{29660791-AB0C-40B4-A4C6-D81B6B4961C5}.Release|Any CPU.Build.0 = Release|Any CPU
	EndGlobalSection
	GlobalSection(SolutionProperties) = preSolution
		HideSolutionNode = FALSE
	EndGlobalSection
	GlobalSection(ExtensibilityGlobals) = postSolution
		SolutionGuid = {A39A6F5F-BC1D-429B-9867-66C4CE7E9339}
	EndGlobalSection
EndGlobal
