
Microsoft Visual Studio Solution File, Format Version 12.00
# Visual Studio Version 16
VisualStudioVersion = 16.0.31025.194
MinimumVisualStudioVersion = 10.0.40219.1
Project("{FAE04EC0-301F-11D3-BF4B-00C04F79EFBC}") = "BreakSample", "BreakSample\BreakSample.csproj", "{4BAAD3F9-8090-40C2-8702-C9739E3BDB5E}"
EndProject
Project("{FAE04EC0-301F-11D3-BF4B-00C04F79EFBC}") = "ContinueSample", "ContinueSample\ContinueSample.csproj", "{A7FAAB95-CDC7-488C-A0C9-45F38E38A9FF}"
EndProject
Global
	GlobalSection(SolutionConfigurationPlatforms) = preSolution
		Debug|Any CPU = Debug|Any CPU
		Release|Any CPU = Release|Any CPU
	EndGlobalSection
	GlobalSection(ProjectConfigurationPlatforms) = postSolution
		{4BAAD3F9-8090-40C2-8702-C9739E3BDB5E}.Debug|Any CPU.ActiveCfg = Debug|Any CPU
		{4BAAD3F9-8090-40C2-8702-C9739E3BDB5E}.Debug|Any CPU.Build.0 = Debug|Any CPU
		{4BAAD3F9-8090-40C2-8702-C9739E3BDB5E}.Release|Any CPU.ActiveCfg = Release|Any CPU
		{4BAAD3F9-8090-40C2-8702-C9739E3BDB5E}.Release|Any CPU.Build.0 = Release|Any CPU
		{A7FAAB95-CDC7-488C-A0C9-45F38E38A9FF}.Debug|Any CPU.ActiveCfg = Debug|Any CPU
		{A7FAAB95-CDC7-488C-A0C9-45F38E38A9FF}.Debug|Any CPU.Build.0 = Debug|Any CPU
		{A7FAAB95-CDC7-488C-A0C9-45F38E38A9FF}.Release|Any CPU.ActiveCfg = Release|Any CPU
		{A7FAAB95-CDC7-488C-A0C9-45F38E38A9FF}.Release|Any CPU.Build.0 = Release|Any CPU
	EndGlobalSection
	GlobalSection(SolutionProperties) = preSolution
		HideSolutionNode = FALSE
	EndGlobalSection
	GlobalSection(ExtensibilityGlobals) = postSolution
		SolutionGuid = {9B98C1A9-83CE-436B-9794-217FEB8E8C1F}
	EndGlobalSection
EndGlobal
